
Microsoft Visual Studio Solution File, Format Version 12.00
# Visual Studio Version 17
VisualStudioVersion = 17.8.34330.188
MinimumVisualStudioVersion = 10.0.40219.1
Project("{9A19103F-16F7-4668-BE54-9A1E7A4F7556}") = "Crispy Goggles", "Crispy Goggles\Crispy Goggles.csproj", "{1360EC06-18C6-4E21-B5FE-5E6A33BC8CB1}"
EndProject
Project("{FAE04EC0-301F-11D3-BF4B-00C04F79EFBC}") = "Crispy Backend", "Crispy Backend\Crispy Backend.csproj", "{5424979F-8D9E-4ED9-91F4-ED0966C04094}"
EndProject
Global
	GlobalSection(SolutionConfigurationPlatforms) = preSolution
		Debug|Any CPU = Debug|Any CPU
		Release|Any CPU = Release|Any CPU
	EndGlobalSection
	GlobalSection(ProjectConfigurationPlatforms) = postSolution
		{1360EC06-18C6-4E21-B5FE-5E6A33BC8CB1}.Debug|Any CPU.ActiveCfg = Debug|Any CPU
		{1360EC06-18C6-4E21-B5FE-5E6A33BC8CB1}.Debug|Any CPU.Build.0 = Debug|Any CPU
		{1360EC06-18C6-4E21-B5FE-5E6A33BC8CB1}.Release|Any CPU.ActiveCfg = Release|Any CPU
		{1360EC06-18C6-4E21-B5FE-5E6A33BC8CB1}.Release|Any CPU.Build.0 = Release|Any CPU
		{5424979F-8D9E-4ED9-91F4-ED0966C04094}.Debug|Any CPU.ActiveCfg = Debug|Any CPU
		{5424979F-8D9E-4ED9-91F4-ED0966C04094}.Debug|Any CPU.Build.0 = Debug|Any CPU
		{5424979F-8D9E-4ED9-91F4-ED0966C04094}.Release|Any CPU.ActiveCfg = Release|Any CPU
		{5424979F-8D9E-4ED9-91F4-ED0966C04094}.Release|Any CPU.Build.0 = Release|Any CPU
	EndGlobalSection
	GlobalSection(SolutionProperties) = preSolution
		HideSolutionNode = FALSE
	EndGlobalSection
	GlobalSection(ExtensibilityGlobals) = postSolution
		SolutionGuid = {F79349B4-C09E-40BF-928F-71358477C1C4}
	EndGlobalSection
EndGlobal
